
Microsoft Visual Studio Solution File, Format Version 12.00
# Visual Studio 15
VisualStudioVersion = 15.0.28307.168
MinimumVisualStudioVersion = 10.0.40219.1
Project("{FAE04EC0-301F-11D3-BF4B-00C04F79EFBC}") = "IdentityFrame", "IdentityFrame\IdentityFrame.csproj", "{23AF0974-A7E4-410D-AC2E-AAB28BD99360}"
EndProject
Project("{FAE04EC0-301F-11D3-BF4B-00C04F79EFBC}") = "Mvc", "Mvc\Mvc.csproj", "{0B6ABE8E-B2D2-4A70-B90D-9F1F02E22638}"
EndProject
Global
	GlobalSection(SolutionConfigurationPlatforms) = preSolution
		Debug|Any CPU = Debug|Any CPU
		Release|Any CPU = Release|Any CPU
	EndGlobalSection
	GlobalSection(ProjectConfigurationPlatforms) = postSolution
		{23AF0974-A7E4-410D-AC2E-AAB28BD99360}.Debug|Any CPU.ActiveCfg = Debug|Any CPU
		{23AF0974-A7E4-410D-AC2E-AAB28BD99360}.Debug|Any CPU.Build.0 = Debug|Any CPU
		{23AF0974-A7E4-410D-AC2E-AAB28BD99360}.Release|Any CPU.ActiveCfg = Release|Any CPU
		{23AF0974-A7E4-410D-AC2E-AAB28BD99360}.Release|Any CPU.Build.0 = Release|Any CPU
		{0B6ABE8E-B2D2-4A70-B90D-9F1F02E22638}.Debug|Any CPU.ActiveCfg = Debug|Any CPU
		{0B6ABE8E-B2D2-4A70-B90D-9F1F02E22638}.Debug|Any CPU.Build.0 = Debug|Any CPU
		{0B6ABE8E-B2D2-4A70-B90D-9F1F02E22638}.Release|Any CPU.ActiveCfg = Release|Any CPU
		{0B6ABE8E-B2D2-4A70-B90D-9F1F02E22638}.Release|Any CPU.Build.0 = Release|Any CPU
	EndGlobalSection
	GlobalSection(SolutionProperties) = preSolution
		HideSolutionNode = FALSE
	EndGlobalSection
	GlobalSection(ExtensibilityGlobals) = postSolution
		SolutionGuid = {68707A18-1012-457D-B3B5-9EDDAB617EE9}
	EndGlobalSection
EndGlobal
